
Microsoft Visual Studio Solution File, Format Version 12.00
# Visual Studio Version 16
VisualStudioVersion = 16.0.28803.202
MinimumVisualStudioVersion = 10.0.40219.1
Project("{FAE04EC0-301F-11D3-BF4B-00C04F79EFBC}") = "SayIT Rest", "SayIT\SayIT Rest.csproj", "{B3DE80DD-6432-4CA7-8F82-10D540FAE1EB}"
EndProject
Project("{FAE04EC0-301F-11D3-BF4B-00C04F79EFBC}") = "Models", "Models\Models.csproj", "{6B0DC1DB-CA9E-4367-B395-85980B44E700}"
EndProject
Project("{FAE04EC0-301F-11D3-BF4B-00C04F79EFBC}") = "Services", "Services\Services.csproj", "{643E4CE8-D1AE-437D-9692-D2F4255DAE06}"
EndProject
Project("{FAE04EC0-301F-11D3-BF4B-00C04F79EFBC}") = "Repositories", "Repositories\Repositories.csproj", "{5255CD13-C91B-4CC0-ABEE-62AF77EF1914}"
EndProject
Project("{FAE04EC0-301F-11D3-BF4B-00C04F79EFBC}") = "Interfaces", "Interfaces\Interfaces.csproj", "{2AE90130-94DA-4689-AF6A-1543F540B302}"
EndProject
Global
	GlobalSection(SolutionConfigurationPlatforms) = preSolution
		Debug|Any CPU = Debug|Any CPU
		Release|Any CPU = Release|Any CPU
	EndGlobalSection
	GlobalSection(ProjectConfigurationPlatforms) = postSolution
		{B3DE80DD-6432-4CA7-8F82-10D540FAE1EB}.Debug|Any CPU.ActiveCfg = Debug|Any CPU
		{B3DE80DD-6432-4CA7-8F82-10D540FAE1EB}.Debug|Any CPU.Build.0 = Debug|Any CPU
		{B3DE80DD-6432-4CA7-8F82-10D540FAE1EB}.Release|Any CPU.ActiveCfg = Release|Any CPU
		{B3DE80DD-6432-4CA7-8F82-10D540FAE1EB}.Release|Any CPU.Build.0 = Release|Any CPU
		{6B0DC1DB-CA9E-4367-B395-85980B44E700}.Debug|Any CPU.ActiveCfg = Debug|Any CPU
		{6B0DC1DB-CA9E-4367-B395-85980B44E700}.Debug|Any CPU.Build.0 = Debug|Any CPU
		{6B0DC1DB-CA9E-4367-B395-85980B44E700}.Release|Any CPU.ActiveCfg = Release|Any CPU
		{6B0DC1DB-CA9E-4367-B395-85980B44E700}.Release|Any CPU.Build.0 = Release|Any CPU
		{643E4CE8-D1AE-437D-9692-D2F4255DAE06}.Debug|Any CPU.ActiveCfg = Debug|Any CPU
		{643E4CE8-D1AE-437D-9692-D2F4255DAE06}.Debug|Any CPU.Build.0 = Debug|Any CPU
		{643E4CE8-D1AE-437D-9692-D2F4255DAE06}.Release|Any CPU.ActiveCfg = Release|Any CPU
		{643E4CE8-D1AE-437D-9692-D2F4255DAE06}.Release|Any CPU.Build.0 = Release|Any CPU
		{5255CD13-C91B-4CC0-ABEE-62AF77EF1914}.Debug|Any CPU.ActiveCfg = Debug|Any CPU
		{5255CD13-C91B-4CC0-ABEE-62AF77EF1914}.Debug|Any CPU.Build.0 = Debug|Any CPU
		{5255CD13-C91B-4CC0-ABEE-62AF77EF1914}.Release|Any CPU.ActiveCfg = Release|Any CPU
		{5255CD13-C91B-4CC0-ABEE-62AF77EF1914}.Release|Any CPU.Build.0 = Release|Any CPU
		{2AE90130-94DA-4689-AF6A-1543F540B302}.Debug|Any CPU.ActiveCfg = Debug|Any CPU
		{2AE90130-94DA-4689-AF6A-1543F540B302}.Debug|Any CPU.Build.0 = Debug|Any CPU
		{2AE90130-94DA-4689-AF6A-1543F540B302}.Release|Any CPU.ActiveCfg = Release|Any CPU
		{2AE90130-94DA-4689-AF6A-1543F540B302}.Release|Any CPU.Build.0 = Release|Any CPU
	EndGlobalSection
	GlobalSection(SolutionProperties) = preSolution
		HideSolutionNode = FALSE
	EndGlobalSection
	GlobalSection(ExtensibilityGlobals) = postSolution
		SolutionGuid = {DDD5E72B-2990-4D53-8E8B-B10467713DD6}
	EndGlobalSection
EndGlobal
